// !$*UTF8*$!
{
	archiveVersion = 1;
	classes = {
	};
	objectVersion = 45;
	objects = {

/* Begin PBXBuildFile section */
		1D3623260D0F684500981E51 /* HildingTheTurtleAppDelegate.m in Sources */ = {isa = PBXBuildFile; fileRef = 1D3623250D0F684500981E51 /* HildingTheTurtleAppDelegate.m */; };
		1D60589B0D05DD56006BFB54 /* main.m in Sources */ = {isa = PBXBuildFile; fileRef = 29B97316FDCFA39411CA2CEA /* main.m */; };
		1D60589F0D05DD5A006BFB54 /* Foundation.framework in Frameworks */ = {isa = PBXBuildFile; fileRef = 1D30AB110D05D00D00671497 /* Foundation.framework */; };
		1DF5F4E00D08C38300B7A737 /* UIKit.framework in Frameworks */ = {isa = PBXBuildFile; fileRef = 1DF5F4DF0D08C38300B7A737 /* UIKit.framework */; };
		28216C970DB411BC00E5133A /* FirstViewController.m in Sources */ = {isa = PBXBuildFile; fileRef = 28216C960DB411BC00E5133A /* FirstViewController.m */; };
		2840D7CE1179279E00D7F93C /* FirstView.xib in Resources */ = {isa = PBXBuildFile; fileRef = 2840D7CD1179279E00D7F93C /* FirstView.xib */; };
		288765080DF74369002DB57D /* CoreGraphics.framework in Frameworks */ = {isa = PBXBuildFile; fileRef = 288765070DF74369002DB57D /* CoreGraphics.framework */; };
		28AD73880D9D96C1002E5188 /* MainWindow.xib in Resources */ = {isa = PBXBuildFile; fileRef = 28AD73870D9D96C1002E5188 /* MainWindow.xib */; };
		C584448412E446D000C0B7AE /* VideoView.m in Sources */ = {isa = PBXBuildFile; fileRef = C584448212E446D000C0B7AE /* VideoView.m */; };
		C584448512E446D000C0B7AE /* VideoView.xib in Resources */ = {isa = PBXBuildFile; fileRef = C584448312E446D000C0B7AE /* VideoView.xib */; };
		C58444F912E44C8700C0B7AE /* TabBarController.m in Sources */ = {isa = PBXBuildFile; fileRef = C58444F812E44C8700C0B7AE /* TabBarController.m */; };
		C584452412E4600D00C0B7AE /* VideoView2.m in Sources */ = {isa = PBXBuildFile; fileRef = C584452212E4600D00C0B7AE /* VideoView2.m */; };
		C584452512E4600D00C0B7AE /* VideoView2.xib in Resources */ = {isa = PBXBuildFile; fileRef = C584452312E4600D00C0B7AE /* VideoView2.xib */; };
		C584455712E4622500C0B7AE /* MediaViewController.m in Sources */ = {isa = PBXBuildFile; fileRef = C584455512E4622500C0B7AE /* MediaViewController.m */; };
		C584455812E4622500C0B7AE /* MediaViewController.xib in Resources */ = {isa = PBXBuildFile; fileRef = C584455612E4622500C0B7AE /* MediaViewController.xib */; };
		C59FC58312E6D41B008877FE /* camera_icon.png in Resources */ = {isa = PBXBuildFile; fileRef = C59FC58212E6D41B008877FE /* camera_icon.png */; };
		C59FC58A12E70DD5008877FE /* hilding_icon.png in Resources */ = {isa = PBXBuildFile; fileRef = C59FC58912E70DD5008877FE /* hilding_icon.png */; };
		C59FC62B12E7142F008877FE /* cam320_2.html in Resources */ = {isa = PBXBuildFile; fileRef = C59FC62812E7142F008877FE /* cam320_2.html */; };
		C59FC62C12E7142F008877FE /* cam480_2.html in Resources */ = {isa = PBXBuildFile; fileRef = C59FC62912E7142F008877FE /* cam480_2.html */; };
		C59FC62D12E7142F008877FE /* cam640_2.html in Resources */ = {isa = PBXBuildFile; fileRef = C59FC62A12E7142F008877FE /* cam640_2.html */; };
		C59FC69E12E7234D008877FE /* waterbowl.jpg in Resources */ = {isa = PBXBuildFile; fileRef = C59FC68612E7234D008877FE /* waterbowl.jpg */; };
		C59FC69F12E7234D008877FE /* trasko.jpg in Resources */ = {isa = PBXBuildFile; fileRef = C59FC68712E7234D008877FE /* trasko.jpg */; };
		C59FC6A012E7234D008877FE /* shotgun.jpg in Resources */ = {isa = PBXBuildFile; fileRef = C59FC68812E7234D008877FE /* shotgun.jpg */; };
		C59FC6A112E7234D008877FE /* IMG_4845.jpg in Resources */ = {isa = PBXBuildFile; fileRef = C59FC68912E7234D008877FE /* IMG_4845.jpg */; };
		C59FC6A212E7234D008877FE /* IMG_4842.jpg in Resources */ = {isa = PBXBuildFile; fileRef = C59FC68A12E7234D008877FE /* IMG_4842.jpg */; };
		C59FC6A312E7234D008877FE /* IMG_4826.jpg in Resources */ = {isa = PBXBuildFile; fileRef = C59FC68B12E7234D008877FE /* IMG_4826.jpg */; };
		C59FC6A412E7234D008877FE /* IMG_4821.jpg in Resources */ = {isa = PBXBuildFile; fileRef = C59FC68C12E7234D008877FE /* IMG_4821.jpg */; };
		C59FC6A512E7234D008877FE /* hilding_sko.jpg in Resources */ = {isa = PBXBuildFile; fileRef = C59FC68D12E7234D008877FE /* hilding_sko.jpg */; };
		C59FC6A612E7234D008877FE /* hiding.jpg in Resources */ = {isa = PBXBuildFile; fileRef = C59FC68E12E7234D008877FE /* hiding.jpg */; };
		C59FC6A712E7234D008877FE /* eating.jpg in Resources */ = {isa = PBXBuildFile; fileRef = C59FC68F12E7234D008877FE /* eating.jpg */; };
		C59FC6A812E7234D008877FE /* curtain.jpg in Resources */ = {isa = PBXBuildFile; fileRef = C59FC69012E7234D008877FE /* curtain.jpg */; };
		C59FC6A912E7234D008877FE /* back.jpg in Resources */ = {isa = PBXBuildFile; fileRef = C59FC69112E7234D008877FE /* back.jpg */; };
		C59FC6AA12E7234D008877FE /* waterbowl@2x.jpg in Resources */ = {isa = PBXBuildFile; fileRef = C59FC69212E7234D008877FE /* waterbowl@2x.jpg */; };
		C59FC6AB12E7234D008877FE /* trasko@2x.jpg in Resources */ = {isa = PBXBuildFile; fileRef = C59FC69312E7234D008877FE /* trasko@2x.jpg */; };
		C59FC6AC12E7234D008877FE /* shotgun@2x.jpg in Resources */ = {isa = PBXBuildFile; fileRef = C59FC69412E7234D008877FE /* shotgun@2x.jpg */; };
		C59FC6AD12E7234D008877FE /* IMG_4845@2x.jpg in Resources */ = {isa = PBXBuildFile; fileRef = C59FC69512E7234D008877FE /* IMG_4845@2x.jpg */; };
		C59FC6AE12E7234D008877FE /* IMG_4842@2x.jpg in Resources */ = {isa = PBXBuildFile; fileRef = C59FC69612E7234D008877FE /* IMG_4842@2x.jpg */; };
		C59FC6AF12E7234D008877FE /* IMG_4826@2x.jpg in Resources */ = {isa = PBXBuildFile; fileRef = C59FC69712E7234D008877FE /* IMG_4826@2x.jpg */; };
		C59FC6B012E7234D008877FE /* IMG_4821@2x.jpg in Resources */ = {isa = PBXBuildFile; fileRef = C59FC69812E7234D008877FE /* IMG_4821@2x.jpg */; };
		C59FC6B112E7234D008877FE /* hilding_sko@2x.jpg in Resources */ = {isa = PBXBuildFile; fileRef = C59FC69912E7234D008877FE /* hilding_sko@2x.jpg */; };
		C59FC6B212E7234D008877FE /* hiding@2x.jpg in Resources */ = {isa = PBXBuildFile; fileRef = C59FC69A12E7234D008877FE /* hiding@2x.jpg */; };
		C59FC6B312E7234D008877FE /* eating@2x.jpg in Resources */ = {isa = PBXBuildFile; fileRef = C59FC69B12E7234D008877FE /* eating@2x.jpg */; };
		C59FC6B412E7234D008877FE /* curtain@2x.jpg in Resources */ = {isa = PBXBuildFile; fileRef = C59FC69C12E7234D008877FE /* curtain@2x.jpg */; };
		C59FC6B512E7234D008877FE /* back@2x.jpg in Resources */ = {isa = PBXBuildFile; fileRef = C59FC69D12E7234D008877FE /* back@2x.jpg */; };
		C59FC6D812E72438008877FE /* about.html in Resources */ = {isa = PBXBuildFile; fileRef = C59FC6D712E72438008877FE /* about.html */; };
		C59FC7BE12E72B34008877FE /* hilding_icon@2x.png in Resources */ = {isa = PBXBuildFile; fileRef = C59FC7BD12E72B34008877FE /* hilding_icon@2x.png */; };
		C59FC7C212E72C99008877FE /* camera_icon@2x.png in Resources */ = {isa = PBXBuildFile; fileRef = C59FC7C112E72C99008877FE /* camera_icon@2x.png */; };
		C59FC7C412E72D51008877FE /* about_icon@2x.png in Resources */ = {isa = PBXBuildFile; fileRef = C59FC7C312E72D51008877FE /* about_icon@2x.png */; };
		C59FC7F912E73191008877FE /* about_icon.png in Resources */ = {isa = PBXBuildFile; fileRef = C59FC7F812E73191008877FE /* about_icon.png */; };
		C5AA2BC112E58B6E006FEA84 /* Icon.png in Resources */ = {isa = PBXBuildFile; fileRef = C5AA2BBE12E58B6E006FEA84 /* Icon.png */; };
		C5AA2BC212E58B6E006FEA84 /* Icon@2x.png in Resources */ = {isa = PBXBuildFile; fileRef = C5AA2BBF12E58B6E006FEA84 /* Icon@2x.png */; };
		C5AA2BC312E58B6E006FEA84 /* ItunesArtwork in Resources */ = {isa = PBXBuildFile; fileRef = C5AA2BC012E58B6E006FEA84 /* ItunesArtwork */; };
		C5AA2BC712E58BFB006FEA84 /* background.png in Resources */ = {isa = PBXBuildFile; fileRef = C5AA2BC612E58BFB006FEA84 /* background.png */; };
		C5FB94AA12E5D154008625BF /* cam320.html in Resources */ = {isa = PBXBuildFile; fileRef = C5FB94A712E5D154008625BF /* cam320.html */; };
		C5FB94AB12E5D154008625BF /* cam480.html in Resources */ = {isa = PBXBuildFile; fileRef = C5FB94A812E5D154008625BF /* cam480.html */; };
		C5FB94AC12E5D154008625BF /* cam640.html in Resources */ = {isa = PBXBuildFile; fileRef = C5FB94A912E5D154008625BF /* cam640.html */; };
		C5FC639812EA27CD00005CDB /* iAd.framework in Frameworks */ = {isa = PBXBuildFile; fileRef = C5FC639712EA27CD00005CDB /* iAd.framework */; };
/* End PBXBuildFile section */

/* Begin PBXFileReference section */
		1D30AB110D05D00D00671497 /* Foundation.framework */ = {isa = PBXFileReference; lastKnownFileType = wrapper.framework; name = Foundation.framework; path = System/Library/Frameworks/Foundation.framework; sourceTree = SDKROOT; };
		1D3623240D0F684500981E51 /* HildingTheTurtleAppDelegate.h */ = {isa = PBXFileReference; fileEncoding = 4; lastKnownFileType = sourcecode.c.h; path = HildingTheTurtleAppDelegate.h; sourceTree = "<group>"; };
		1D3623250D0F684500981E51 /* HildingTheTurtleAppDelegate.m */ = {isa = PBXFileReference; fileEncoding = 4; lastKnownFileType = sourcecode.c.objc; path = HildingTheTurtleAppDelegate.m; sourceTree = "<group>"; };
		1D6058910D05DD3D006BFB54 /* HildingTheTurtle.app */ = {isa = PBXFileReference; explicitFileType = wrapper.application; includeInIndex = 0; path = HildingTheTurtle.app; sourceTree = BUILT_PRODUCTS_DIR; };
		1DF5F4DF0D08C38300B7A737 /* UIKit.framework */ = {isa = PBXFileReference; lastKnownFileType = wrapper.framework; name = UIKit.framework; path = System/Library/Frameworks/UIKit.framework; sourceTree = SDKROOT; };
		28216C950DB411BC00E5133A /* FirstViewController.h */ = {isa = PBXFileReference; fileEncoding = 4; lastKnownFileType = sourcecode.c.h; path = FirstViewController.h; sourceTree = "<group>"; };
		28216C960DB411BC00E5133A /* FirstViewController.m */ = {isa = PBXFileReference; fileEncoding = 4; lastKnownFileType = sourcecode.c.objc; path = FirstViewController.m; sourceTree = "<group>"; };
		2840D7CD1179279E00D7F93C /* FirstView.xib */ = {isa = PBXFileReference; lastKnownFileType = file.xib; path = FirstView.xib; sourceTree = "<group>"; };
		288765070DF74369002DB57D /* CoreGraphics.framework */ = {isa = PBXFileReference; lastKnownFileType = wrapper.framework; name = CoreGraphics.framework; path = System/Library/Frameworks/CoreGraphics.framework; sourceTree = SDKROOT; };
		28A0AB4B0D9B1048005BE974 /* HildingTheTurtle_Prefix.pch */ = {isa = PBXFileReference; fileEncoding = 4; lastKnownFileType = sourcecode.c.h; path = HildingTheTurtle_Prefix.pch; sourceTree = "<group>"; };
		28AD73870D9D96C1002E5188 /* MainWindow.xib */ = {isa = PBXFileReference; lastKnownFileType = file.xib; path = MainWindow.xib; sourceTree = "<group>"; };
		29B97316FDCFA39411CA2CEA /* main.m */ = {isa = PBXFileReference; fileEncoding = 4; lastKnownFileType = sourcecode.c.objc; path = main.m; sourceTree = "<group>"; };
		8D1107310486CEB800E47090 /* HildingTheTurtle-Info.plist */ = {isa = PBXFileReference; fileEncoding = 4; lastKnownFileType = text.plist.xml; path = "HildingTheTurtle-Info.plist"; plistStructureDefinitionIdentifier = "com.apple.xcode.plist.structure-definition.iphone.info-plist"; sourceTree = "<group>"; };
		C584448112E446D000C0B7AE /* VideoView.h */ = {isa = PBXFileReference; fileEncoding = 4; lastKnownFileType = sourcecode.c.h; path = VideoView.h; sourceTree = "<group>"; };
		C584448212E446D000C0B7AE /* VideoView.m */ = {isa = PBXFileReference; fileEncoding = 4; lastKnownFileType = sourcecode.c.objc; path = VideoView.m; sourceTree = "<group>"; };
		C584448312E446D000C0B7AE /* VideoView.xib */ = {isa = PBXFileReference; lastKnownFileType = file.xib; name = VideoView.xib; path = Classes/VideoView.xib; sourceTree = "<group>"; };
		C58444F712E44C8700C0B7AE /* TabBarController.h */ = {isa = PBXFileReference; fileEncoding = 4; lastKnownFileType = sourcecode.c.h; path = TabBarController.h; sourceTree = "<group>"; };
		C58444F812E44C8700C0B7AE /* TabBarController.m */ = {isa = PBXFileReference; fileEncoding = 4; lastKnownFileType = sourcecode.c.objc; path = TabBarController.m; sourceTree = "<group>"; };
		C584452112E4600D00C0B7AE /* VideoView2.h */ = {isa = PBXFileReference; fileEncoding = 4; lastKnownFileType = sourcecode.c.h; path = VideoView2.h; sourceTree = "<group>"; };
		C584452212E4600D00C0B7AE /* VideoView2.m */ = {isa = PBXFileReference; fileEncoding = 4; lastKnownFileType = sourcecode.c.objc; path = VideoView2.m; sourceTree = "<group>"; };
		C584452312E4600D00C0B7AE /* VideoView2.xib */ = {isa = PBXFileReference; lastKnownFileType = file.xib; name = VideoView2.xib; path = Classes/VideoView2.xib; sourceTree = "<group>"; };
		C584455412E4622500C0B7AE /* MediaViewController.h */ = {isa = PBXFileReference; fileEncoding = 4; lastKnownFileType = sourcecode.c.h; path = MediaViewController.h; sourceTree = "<group>"; };
		C584455512E4622500C0B7AE /* MediaViewController.m */ = {isa = PBXFileReference; fileEncoding = 4; lastKnownFileType = sourcecode.c.objc; path = MediaViewController.m; sourceTree = "<group>"; };
		C584455612E4622500C0B7AE /* MediaViewController.xib */ = {isa = PBXFileReference; lastKnownFileType = file.xib; name = MediaViewController.xib; path = Classes/MediaViewController.xib; sourceTree = "<group>"; };
		C59FC58212E6D41B008877FE /* camera_icon.png */ = {isa = PBXFileReference; lastKnownFileType = image.png; path = camera_icon.png; sourceTree = "<group>"; };
		C59FC58912E70DD5008877FE /* hilding_icon.png */ = {isa = PBXFileReference; lastKnownFileType = image.png; path = hilding_icon.png; sourceTree = "<group>"; };
		C59FC62812E7142F008877FE /* cam320_2.html */ = {isa = PBXFileReference; fileEncoding = 4; lastKnownFileType = text.html; path = cam320_2.html; sourceTree = "<group>"; };
		C59FC62912E7142F008877FE /* cam480_2.html */ = {isa = PBXFileReference; fileEncoding = 4; lastKnownFileType = text.html; path = cam480_2.html; sourceTree = "<group>"; };
		C59FC62A12E7142F008877FE /* cam640_2.html */ = {isa = PBXFileReference; fileEncoding = 4; lastKnownFileType = text.html; path = cam640_2.html; sourceTree = "<group>"; };
		C59FC68612E7234D008877FE /* waterbowl.jpg */ = {isa = PBXFileReference; lastKnownFileType = image.jpeg; path = waterbowl.jpg; sourceTree = "<group>"; };
		C59FC68712E7234D008877FE /* trasko.jpg */ = {isa = PBXFileReference; lastKnownFileType = image.jpeg; path = trasko.jpg; sourceTree = "<group>"; };
		C59FC68812E7234D008877FE /* shotgun.jpg */ = {isa = PBXFileReference; lastKnownFileType = image.jpeg; path = shotgun.jpg; sourceTree = "<group>"; };
		C59FC68912E7234D008877FE /* IMG_4845.jpg */ = {isa = PBXFileReference; lastKnownFileType = image.jpeg; path = IMG_4845.jpg; sourceTree = "<group>"; };
		C59FC68A12E7234D008877FE /* IMG_4842.jpg */ = {isa = PBXFileReference; lastKnownFileType = image.jpeg; path = IMG_4842.jpg; sourceTree = "<group>"; };
		C59FC68B12E7234D008877FE /* IMG_4826.jpg */ = {isa = PBXFileReference; lastKnownFileType = image.jpeg; path = IMG_4826.jpg; sourceTree = "<group>"; };
		C59FC68C12E7234D008877FE /* IMG_4821.jpg */ = {isa = PBXFileReference; lastKnownFileType = image.jpeg; path = IMG_4821.jpg; sourceTree = "<group>"; };
		C59FC68D12E7234D008877FE /* hilding_sko.jpg */ = {isa = PBXFileReference; lastKnownFileType = image.jpeg; path = hilding_sko.jpg; sourceTree = "<group>"; };
		C59FC68E12E7234D008877FE /* hiding.jpg */ = {isa = PBXFileReference; lastKnownFileType = image.jpeg; path = hiding.jpg; sourceTree = "<group>"; };
		C59FC68F12E7234D008877FE /* eating.jpg */ = {isa = PBXFileReference; lastKnownFileType = image.jpeg; path = eating.jpg; sourceTree = "<group>"; };
		C59FC69012E7234D008877FE /* curtain.jpg */ = {isa = PBXFileReference; lastKnownFileType = image.jpeg; path = curtain.jpg; sourceTree = "<group>"; };
		C59FC69112E7234D008877FE /* back.jpg */ = {isa = PBXFileReference; lastKnownFileType = image.jpeg; path = back.jpg; sourceTree = "<group>"; };
		C59FC69212E7234D008877FE /* waterbowl@2x.jpg */ = {isa = PBXFileReference; lastKnownFileType = image.jpeg; path = "waterbowl@2x.jpg"; sourceTree = "<group>"; };
		C59FC69312E7234D008877FE /* trasko@2x.jpg */ = {isa = PBXFileReference; lastKnownFileType = image.jpeg; path = "trasko@2x.jpg"; sourceTree = "<group>"; };
		C59FC69412E7234D008877FE /* shotgun@2x.jpg */ = {isa = PBXFileReference; lastKnownFileType = image.jpeg; path = "shotgun@2x.jpg"; sourceTree = "<group>"; };
		C59FC69512E7234D008877FE /* IMG_4845@2x.jpg */ = {isa = PBXFileReference; lastKnownFileType = image.jpeg; path = "IMG_4845@2x.jpg"; sourceTree = "<group>"; };
		C59FC69612E7234D008877FE /* IMG_4842@2x.jpg */ = {isa = PBXFileReference; lastKnownFileType = image.jpeg; path = "IMG_4842@2x.jpg"; sourceTree = "<group>"; };
		C59FC69712E7234D008877FE /* IMG_4826@2x.jpg */ = {isa = PBXFileReference; lastKnownFileType = image.jpeg; path = "IMG_4826@2x.jpg"; sourceTree = "<group>"; };
		C59FC69812E7234D008877FE /* IMG_4821@2x.jpg */ = {isa = PBXFileReference; lastKnownFileType = image.jpeg; path = "IMG_4821@2x.jpg"; sourceTree = "<group>"; };
		C59FC69912E7234D008877FE /* hilding_sko@2x.jpg */ = {isa = PBXFileReference; lastKnownFileType = image.jpeg; path = "hilding_sko@2x.jpg"; sourceTree = "<group>"; };
		C59FC69A12E7234D008877FE /* hiding@2x.jpg */ = {isa = PBXFileReference; lastKnownFileType = image.jpeg; path = "hiding@2x.jpg"; sourceTree = "<group>"; };
		C59FC69B12E7234D008877FE /* eating@2x.jpg */ = {isa = PBXFileReference; lastKnownFileType = image.jpeg; path = "eating@2x.jpg"; sourceTree = "<group>"; };
		C59FC69C12E7234D008877FE /* curtain@2x.jpg */ = {isa = PBXFileReference; lastKnownFileType = image.jpeg; path = "curtain@2x.jpg"; sourceTree = "<group>"; };
		C59FC69D12E7234D008877FE /* back@2x.jpg */ = {isa = PBXFileReference; lastKnownFileType = image.jpeg; path = "back@2x.jpg"; sourceTree = "<group>"; };
		C59FC6D712E72438008877FE /* about.html */ = {isa = PBXFileReference; fileEncoding = 4; lastKnownFileType = text.html; path = about.html; sourceTree = "<group>"; };
		C59FC7BD12E72B34008877FE /* hilding_icon@2x.png */ = {isa = PBXFileReference; lastKnownFileType = image.png; path = "hilding_icon@2x.png"; sourceTree = "<group>"; };
		C59FC7C112E72C99008877FE /* camera_icon@2x.png */ = {isa = PBXFileReference; lastKnownFileType = image.png; path = "camera_icon@2x.png"; sourceTree = "<group>"; };
		C59FC7C312E72D51008877FE /* about_icon@2x.png */ = {isa = PBXFileReference; lastKnownFileType = image.png; path = "about_icon@2x.png"; sourceTree = "<group>"; };
		C59FC7F812E73191008877FE /* about_icon.png */ = {isa = PBXFileReference; lastKnownFileType = image.png; path = about_icon.png; sourceTree = "<group>"; };
		C5AA2BBE12E58B6E006FEA84 /* Icon.png */ = {isa = PBXFileReference; lastKnownFileType = image.png; path = Icon.png; sourceTree = "<group>"; };
		C5AA2BBF12E58B6E006FEA84 /* Icon@2x.png */ = {isa = PBXFileReference; lastKnownFileType = image.png; path = "Icon@2x.png"; sourceTree = "<group>"; };
		C5AA2BC012E58B6E006FEA84 /* ItunesArtwork */ = {isa = PBXFileReference; lastKnownFileType = file; path = ItunesArtwork; sourceTree = "<group>"; };
		C5AA2BC612E58BFB006FEA84 /* background.png */ = {isa = PBXFileReference; lastKnownFileType = image.png; path = background.png; sourceTree = "<group>"; };
		C5FB94A712E5D154008625BF /* cam320.html */ = {isa = PBXFileReference; fileEncoding = 4; lastKnownFileType = text.html; path = cam320.html; sourceTree = "<group>"; };
		C5FB94A812E5D154008625BF /* cam480.html */ = {isa = PBXFileReference; fileEncoding = 4; lastKnownFileType = text.html; path = cam480.html; sourceTree = "<group>"; };
		C5FB94A912E5D154008625BF /* cam640.html */ = {isa = PBXFileReference; fileEncoding = 4; lastKnownFileType = text.html; path = cam640.html; sourceTree = "<group>"; };
		C5FC639712EA27CD00005CDB /* iAd.framework */ = {isa = PBXFileReference; lastKnownFileType = wrapper.framework; name = iAd.framework; path = System/Library/Frameworks/iAd.framework; sourceTree = SDKROOT; };
/* End PBXFileReference section */

/* Begin PBXFrameworksBuildPhase section */
		1D60588F0D05DD3D006BFB54 /* Frameworks */ = {
			isa = PBXFrameworksBuildPhase;
			buildActionMask = 2147483647;
			files = (
				1D60589F0D05DD5A006BFB54 /* Foundation.framework in Frameworks */,
				1DF5F4E00D08C38300B7A737 /* UIKit.framework in Frameworks */,
				288765080DF74369002DB57D /* CoreGraphics.framework in Frameworks */,
				C5FC639812EA27CD00005CDB /* iAd.framework in Frameworks */,
			);
			runOnlyForDeploymentPostprocessing = 0;
		};
/* End PBXFrameworksBuildPhase section */

/* Begin PBXGroup section */
		080E96DDFE201D6D7F000001 /* Classes */ = {
			isa = PBXGroup;
			children = (
				28216C950DB411BC00E5133A /* FirstViewController.h */,
				28216C960DB411BC00E5133A /* FirstViewController.m */,
				1D3623240D0F684500981E51 /* HildingTheTurtleAppDelegate.h */,
				1D3623250D0F684500981E51 /* HildingTheTurtleAppDelegate.m */,
				C58444F712E44C8700C0B7AE /* TabBarController.h */,
				C58444F812E44C8700C0B7AE /* TabBarController.m */,
				C584448112E446D000C0B7AE /* VideoView.h */,
				C584448212E446D000C0B7AE /* VideoView.m */,
				C584452112E4600D00C0B7AE /* VideoView2.h */,
				C584452212E4600D00C0B7AE /* VideoView2.m */,
				C584455412E4622500C0B7AE /* MediaViewController.h */,
				C584455512E4622500C0B7AE /* MediaViewController.m */,
			);
			path = Classes;
			sourceTree = "<group>";
		};
		19C28FACFE9D520D11CA2CBB /* Products */ = {
			isa = PBXGroup;
			children = (
				1D6058910D05DD3D006BFB54 /* HildingTheTurtle.app */,
			);
			name = Products;
			sourceTree = "<group>";
		};
		29B97314FDCFA39411CA2CEA /* HildingTheTurtle */ = {
			isa = PBXGroup;
			children = (
				C5AA2C6112E59583006FEA84 /* html */,
				C52526A812E4E9A600EC12E2 /* images */,
				080E96DDFE201D6D7F000001 /* Classes */,
				29B97315FDCFA39411CA2CEA /* Other Sources */,
				29B97317FDCFA39411CA2CEA /* Resources */,
				29B97323FDCFA39411CA2CEA /* Frameworks */,
				19C28FACFE9D520D11CA2CBB /* Products */,
			);
			name = HildingTheTurtle;
			sourceTree = "<group>";
		};
		29B97315FDCFA39411CA2CEA /* Other Sources */ = {
			isa = PBXGroup;
			children = (
				28A0AB4B0D9B1048005BE974 /* HildingTheTurtle_Prefix.pch */,
				29B97316FDCFA39411CA2CEA /* main.m */,
			);
			name = "Other Sources";
			sourceTree = "<group>";
		};
		29B97317FDCFA39411CA2CEA /* Resources */ = {
			isa = PBXGroup;
			children = (
				C59FC7F812E73191008877FE /* about_icon.png */,
				C59FC7C312E72D51008877FE /* about_icon@2x.png */,
				C59FC7C112E72C99008877FE /* camera_icon@2x.png */,
				C59FC7BD12E72B34008877FE /* hilding_icon@2x.png */,
				C59FC58912E70DD5008877FE /* hilding_icon.png */,
				C59FC58212E6D41B008877FE /* camera_icon.png */,
				C5AA2BC612E58BFB006FEA84 /* background.png */,
				C5AA2BBE12E58B6E006FEA84 /* Icon.png */,
				C5AA2BBF12E58B6E006FEA84 /* Icon@2x.png */,
				C5AA2BC012E58B6E006FEA84 /* ItunesArtwork */,
				2840D7CD1179279E00D7F93C /* FirstView.xib */,
				28AD73870D9D96C1002E5188 /* MainWindow.xib */,
				C584455612E4622500C0B7AE /* MediaViewController.xib */,
				C584448312E446D000C0B7AE /* VideoView.xib */,
				C584452312E4600D00C0B7AE /* VideoView2.xib */,
				8D1107310486CEB800E47090 /* HildingTheTurtle-Info.plist */,
			);
			name = Resources;
			sourceTree = "<group>";
		};
		29B97323FDCFA39411CA2CEA /* Frameworks */ = {
			isa = PBXGroup;
			children = (
				1DF5F4DF0D08C38300B7A737 /* UIKit.framework */,
				1D30AB110D05D00D00671497 /* Foundation.framework */,
				288765070DF74369002DB57D /* CoreGraphics.framework */,
				C5FC639712EA27CD00005CDB /* iAd.framework */,
			);
			name = Frameworks;
			sourceTree = "<group>";
		};
		C52526A812E4E9A600EC12E2 /* images */ = {
			isa = PBXGroup;
			children = (
				C59FC68612E7234D008877FE /* waterbowl.jpg */,
				C59FC68712E7234D008877FE /* trasko.jpg */,
				C59FC68812E7234D008877FE /* shotgun.jpg */,
				C59FC68912E7234D008877FE /* IMG_4845.jpg */,
				C59FC68A12E7234D008877FE /* IMG_4842.jpg */,
				C59FC68B12E7234D008877FE /* IMG_4826.jpg */,
				C59FC68C12E7234D008877FE /* IMG_4821.jpg */,
				C59FC68D12E7234D008877FE /* hilding_sko.jpg */,
				C59FC68E12E7234D008877FE /* hiding.jpg */,
				C59FC68F12E7234D008877FE /* eating.jpg */,
				C59FC69012E7234D008877FE /* curtain.jpg */,
				C59FC69112E7234D008877FE /* back.jpg */,
				C59FC69212E7234D008877FE /* waterbowl@2x.jpg */,
				C59FC69312E7234D008877FE /* trasko@2x.jpg */,
				C59FC69412E7234D008877FE /* shotgun@2x.jpg */,
				C59FC69512E7234D008877FE /* IMG_4845@2x.jpg */,
				C59FC69612E7234D008877FE /* IMG_4842@2x.jpg */,
				C59FC69712E7234D008877FE /* IMG_4826@2x.jpg */,
				C59FC69812E7234D008877FE /* IMG_4821@2x.jpg */,
				C59FC69912E7234D008877FE /* hilding_sko@2x.jpg */,
				C59FC69A12E7234D008877FE /* hiding@2x.jpg */,
				C59FC69B12E7234D008877FE /* eating@2x.jpg */,
				C59FC69C12E7234D008877FE /* curtain@2x.jpg */,
				C59FC69D12E7234D008877FE /* back@2x.jpg */,
			);
			path = images;
			sourceTree = "<group>";
		};
		C5AA2C6112E59583006FEA84 /* html */ = {
			isa = PBXGroup;
			children = (
				C5FB94A712E5D154008625BF /* cam320.html */,
				C5FB94A812E5D154008625BF /* cam480.html */,
				C5FB94A912E5D154008625BF /* cam640.html */,
				C59FC62812E7142F008877FE /* cam320_2.html */,
				C59FC62912E7142F008877FE /* cam480_2.html */,
				C59FC62A12E7142F008877FE /* cam640_2.html */,
				C59FC6D712E72438008877FE /* about.html */,
			);
			name = html;
			sourceTree = "<group>";
		};
/* End PBXGroup section */

/* Begin PBXNativeTarget section */
		1D6058900D05DD3D006BFB54 /* HildingTheTurtle */ = {
			isa = PBXNativeTarget;
			buildConfigurationList = 1D6058960D05DD3E006BFB54 /* Build configuration list for PBXNativeTarget "HildingTheTurtle" */;
			buildPhases = (
				1D60588D0D05DD3D006BFB54 /* Resources */,
				1D60588E0D05DD3D006BFB54 /* Sources */,
				1D60588F0D05DD3D006BFB54 /* Frameworks */,
			);
			buildRules = (
			);
			dependencies = (
			);
			name = HildingTheTurtle;
			productName = HildingTheTurtle;
			productReference = 1D6058910D05DD3D006BFB54 /* HildingTheTurtle.app */;
			productType = "com.apple.product-type.application";
		};
/* End PBXNativeTarget section */

/* Begin PBXProject section */
		29B97313FDCFA39411CA2CEA /* Project object */ = {
			isa = PBXProject;
			buildConfigurationList = C01FCF4E08A954540054247B /* Build configuration list for PBXProject "HildingTheTurtle" */;
			compatibilityVersion = "Xcode 3.1";
			developmentRegion = English;
			hasScannedForEncodings = 1;
			knownRegions = (
				English,
				Japanese,
				French,
				German,
			);
			mainGroup = 29B97314FDCFA39411CA2CEA /* HildingTheTurtle */;
			projectDirPath = "";
			projectRoot = "";
			targets = (
				1D6058900D05DD3D006BFB54 /* HildingTheTurtle */,
			);
		};
/* End PBXProject section */

/* Begin PBXResourcesBuildPhase section */
		1D60588D0D05DD3D006BFB54 /* Resources */ = {
			isa = PBXResourcesBuildPhase;
			buildActionMask = 2147483647;
			files = (
				28AD73880D9D96C1002E5188 /* MainWindow.xib in Resources */,
				2840D7CE1179279E00D7F93C /* FirstView.xib in Resources */,
				C584448512E446D000C0B7AE /* VideoView.xib in Resources */,
				C584452512E4600D00C0B7AE /* VideoView2.xib in Resources */,
				C584455812E4622500C0B7AE /* MediaViewController.xib in Resources */,
				C5AA2BC112E58B6E006FEA84 /* Icon.png in Resources */,
				C5AA2BC212E58B6E006FEA84 /* Icon@2x.png in Resources */,
				C5AA2BC312E58B6E006FEA84 /* ItunesArtwork in Resources */,
				C5AA2BC712E58BFB006FEA84 /* background.png in Resources */,
				C5FB94AA12E5D154008625BF /* cam320.html in Resources */,
				C5FB94AB12E5D154008625BF /* cam480.html in Resources */,
				C5FB94AC12E5D154008625BF /* cam640.html in Resources */,
				C59FC58312E6D41B008877FE /* camera_icon.png in Resources */,
				C59FC58A12E70DD5008877FE /* hilding_icon.png in Resources */,
				C59FC62B12E7142F008877FE /* cam320_2.html in Resources */,
				C59FC62C12E7142F008877FE /* cam480_2.html in Resources */,
				C59FC62D12E7142F008877FE /* cam640_2.html in Resources */,
				C59FC69E12E7234D008877FE /* waterbowl.jpg in Resources */,
				C59FC69F12E7234D008877FE /* trasko.jpg in Resources */,
				C59FC6A012E7234D008877FE /* shotgun.jpg in Resources */,
				C59FC6A112E7234D008877FE /* IMG_4845.jpg in Resources */,
				C59FC6A212E7234D008877FE /* IMG_4842.jpg in Resources */,
				C59FC6A312E7234D008877FE /* IMG_4826.jpg in Resources */,
				C59FC6A412E7234D008877FE /* IMG_4821.jpg in Resources */,
				C59FC6A512E7234D008877FE /* hilding_sko.jpg in Resources */,
				C59FC6A612E7234D008877FE /* hiding.jpg in Resources */,
				C59FC6A712E7234D008877FE /* eating.jpg in Resources */,
				C59FC6A812E7234D008877FE /* curtain.jpg in Resources */,
				C59FC6A912E7234D008877FE /* back.jpg in Resources */,
				C59FC6AA12E7234D008877FE /* waterbowl@2x.jpg in Resources */,
				C59FC6AB12E7234D008877FE /* trasko@2x.jpg in Resources */,
				C59FC6AC12E7234D008877FE /* shotgun@2x.jpg in Resources */,
				C59FC6AD12E7234D008877FE /* IMG_4845@2x.jpg in Resources */,
				C59FC6AE12E7234D008877FE /* IMG_4842@2x.jpg in Resources */,
				C59FC6AF12E7234D008877FE /* IMG_4826@2x.jpg in Resources */,
				C59FC6B012E7234D008877FE /* IMG_4821@2x.jpg in Resources */,
				C59FC6B112E7234D008877FE /* hilding_sko@2x.jpg in Resources */,
				C59FC6B212E7234D008877FE /* hiding@2x.jpg in Resources */,
				C59FC6B312E7234D008877FE /* eating@2x.jpg in Resources */,
				C59FC6B412E7234D008877FE /* curtain@2x.jpg in Resources */,
				C59FC6B512E7234D008877FE /* back@2x.jpg in Resources */,
				C59FC6D812E72438008877FE /* about.html in Resources */,
				C59FC7BE12E72B34008877FE /* hilding_icon@2x.png in Resources */,
				C59FC7C212E72C99008877FE /* camera_icon@2x.png in Resources */,
				C59FC7C412E72D51008877FE /* about_icon@2x.png in Resources */,
				C59FC7F912E73191008877FE /* about_icon.png in Resources */,
			);
			runOnlyForDeploymentPostprocessing = 0;
		};
/* End PBXResourcesBuildPhase section */

/* Begin PBXSourcesBuildPhase section */
		1D60588E0D05DD3D006BFB54 /* Sources */ = {
			isa = PBXSourcesBuildPhase;
			buildActionMask = 2147483647;
			files = (
				1D60589B0D05DD56006BFB54 /* main.m in Sources */,
				1D3623260D0F684500981E51 /* HildingTheTurtleAppDelegate.m in Sources */,
				28216C970DB411BC00E5133A /* FirstViewController.m in Sources */,
				C584448412E446D000C0B7AE /* VideoView.m in Sources */,
				C58444F912E44C8700C0B7AE /* TabBarController.m in Sources */,
				C584452412E4600D00C0B7AE /* VideoView2.m in Sources */,
				C584455712E4622500C0B7AE /* MediaViewController.m in Sources */,
			);
			runOnlyForDeploymentPostprocessing = 0;
		};
/* End PBXSourcesBuildPhase section */

/* Begin XCBuildConfiguration section */
		1D6058940D05DD3E006BFB54 /* Debug */ = {
			isa = XCBuildConfiguration;
			buildSettings = {
				ALWAYS_SEARCH_USER_PATHS = NO;
				COPY_PHASE_STRIP = NO;
				GCC_DYNAMIC_NO_PIC = NO;
				GCC_OPTIMIZATION_LEVEL = 0;
				GCC_PRECOMPILE_PREFIX_HEADER = YES;
				GCC_PREFIX_HEADER = HildingTheTurtle_Prefix.pch;
				INFOPLIST_FILE = "HildingTheTurtle-Info.plist";
				PRODUCT_NAME = HildingTheTurtle;
			};
			name = Debug;
		};
		1D6058950D05DD3E006BFB54 /* Release */ = {
			isa = XCBuildConfiguration;
			buildSettings = {
				ALWAYS_SEARCH_USER_PATHS = NO;
				COPY_PHASE_STRIP = YES;
				GCC_PRECOMPILE_PREFIX_HEADER = YES;
				GCC_PREFIX_HEADER = HildingTheTurtle_Prefix.pch;
				INFOPLIST_FILE = "HildingTheTurtle-Info.plist";
				PRODUCT_NAME = HildingTheTurtle;
				VALIDATE_PRODUCT = YES;
			};
			name = Release;
		};
		C01FCF4F08A954540054247B /* Debug */ = {
			isa = XCBuildConfiguration;
			buildSettings = {
				ARCHS = "$(ARCHS_STANDARD_32_BIT)";
				"CODE_SIGN_IDENTITY[sdk=iphoneos*]" = "iPhone Distribution: Johan Karlsteen";
				GCC_C_LANGUAGE_STANDARD = c99;
				GCC_WARN_ABOUT_RETURN_TYPE = YES;
				GCC_WARN_UNUSED_VARIABLE = YES;
				IPHONEOS_DEPLOYMENT_TARGET = 4.0;
				PREBINDING = NO;
				"PROVISIONING_PROFILE[sdk=iphoneos*]" = "2FE2FC33-BE5B-4110-BE65-3E6A2A12F837";
				SDKROOT = iphoneos;
			};
			name = Debug;
		};
		C01FCF5008A954540054247B /* Release */ = {
			isa = XCBuildConfiguration;
			buildSettings = {
				ARCHS = "$(ARCHS_STANDARD_32_BIT)";
				"CODE_SIGN_IDENTITY[sdk=iphoneos*]" = "iPhone Developer";
				GCC_C_LANGUAGE_STANDARD = c99;
				GCC_WARN_ABOUT_RETURN_TYPE = YES;
				GCC_WARN_UNUSED_VARIABLE = YES;
				OTHER_CFLAGS = "-DNS_BLOCK_ASSERTIONS=1";
				PREBINDING = NO;
				SDKROOT = iphoneos;
			};
			name = Release;
		};
		C5FC64BD12EA3D8300005CDB /* Distribution */ = {
			isa = XCBuildConfiguration;
			buildSettings = {
				ARCHS = "$(ARCHS_STANDARD_32_BIT)";
				"CODE_SIGN_IDENTITY[sdk=iphoneos*]" = "iPhone Developer";
				GCC_C_LANGUAGE_STANDARD = c99;
				GCC_WARN_ABOUT_RETURN_TYPE = YES;
				GCC_WARN_UNUSED_VARIABLE = YES;
				OTHER_CFLAGS = "-DNS_BLOCK_ASSERTIONS=1";
				PREBINDING = NO;
				SDKROOT = iphoneos;
			};
			name = Distribution;
		};
		C5FC64BE12EA3D8300005CDB /* Distribution */ = {
			isa = XCBuildConfiguration;
			buildSettings = {
				ALWAYS_SEARCH_USER_PATHS = NO;
				COPY_PHASE_STRIP = YES;
				GCC_PRECOMPILE_PREFIX_HEADER = YES;
				GCC_PREFIX_HEADER = HildingTheTurtle_Prefix.pch;
				INFOPLIST_FILE = "HildingTheTurtle-Info.plist";
				PRODUCT_NAME = HildingTheTurtle;
				VALIDATE_PRODUCT = YES;
			};
			name = Distribution;
		};
/* End XCBuildConfiguration section */

/* Begin XCConfigurationList section */
		1D6058960D05DD3E006BFB54 /* Build configuration list for PBXNativeTarget "HildingTheTurtle" */ = {
			isa = XCConfigurationList;
			buildConfigurations = (
				1D6058940D05DD3E006BFB54 /* Debug */,
				1D6058950D05DD3E006BFB54 /* Release */,
				C5FC64BE12EA3D8300005CDB /* Distribution */,
			);
			defaultConfigurationIsVisible = 0;
			defaultConfigurationName = Release;
		};
		C01FCF4E08A954540054247B /* Build configuration list for PBXProject "HildingTheTurtle" */ = {
			isa = XCConfigurationList;
			buildConfigurations = (
				C01FCF4F08A954540054247B /* Debug */,
				C01FCF5008A954540054247B /* Release */,
				C5FC64BD12EA3D8300005CDB /* Distribution */,
			);
			defaultConfigurationIsVisible = 0;
			defaultConfigurationName = Release;
		};
/* End XCConfigurationList section */
	};
	rootObject = 29B97313FDCFA39411CA2CEA /* Project object */;
}
